hash: d35d04292bee6d6cbe7f5e3839e3e2d836a570e64eba8fbfe9e887ba94d33630
updated: 2017-07-31T13:47:18.984682269+08:00
imports:
- name: github.com/ahmetalpbalkan/go-linq
  version: ba42ddae458c0def2bc25a414ff03a6cc449752d
- name: github.com/aisk/cookieparser
  version: 9726074b6bda13c32d81e5d618ff0ed02734aa2e
- name: github.com/aisk/logp
  version: af23a256979e2f46179456571d31f99429135f53
- name: github.com/aisk/wizard
  version: 45b1b4b542137d8db63c3d462d63a9917471f923
- name: github.com/bitly/go-simplejson
  version: aabad6e819789e569bd6aabf444c935aa9ba1e44
- name: github.com/cbroglie/mustache
  version: 6857e4b493bdb8d4b1931446eb41704aeb4c28cb
- name: github.com/certifi/gocertifi
  version: a61bf5eafa3aee233ec8043e9da052447e5463dd
- name: github.com/cheggaaa/pb
  version: f6ccf2184de4dd34495277e38dc19b6e7fbe0ea2
- name: github.com/chzyer/readline
  version: c914be64f07d9998f52bf0d598ec26d457168c0f
- name: github.com/coreos/go-semver
  version: 8ab6407b697782a06568d4b7f1db25550ec2e4c6
  subpackages:
  - semver
- name: github.com/facebookgo/parseignore
  version: 41ebb753c47c8cce5b5d5c1d65289df4ce0183cc
- name: github.com/facebookgo/symwalk
  version: 42004b9f322246749dd73ad71008b1f3160c0052
- name: github.com/fatih/color
  version: 570b54cabe6b8eb0bc2dfce68d964677d63b5260
- name: github.com/getsentry/raven-go
  version: 3f7439d3e74d88e21d196ba20eb61a5a958bc118
- name: github.com/google/go-querystring
  version: 9235644dd9e52eeae6fa48efd539fdc351a0af53
  subpackages:
  - query
- name: github.com/gorilla/context
  version: 08b5f424b9271eedf6f9f0ce86cb9396ed337a42
- name: github.com/gorilla/mux
  version: bcd8bc72b08df0f70df986b97f95590779502d31
- name: github.com/juju/go4
  version: 40d72ab9641a2a8c36a9c46a51e28367115c8e59
  subpackages:
  - lock
- name: github.com/juju/persistent-cookiejar
  version: 5243747bf8f2d0897f6c7a52799327dc97d585e8
- name: github.com/leancloud/go-upload
  version: e3c153366b054c53a8832bb23676661d2cd73fe2
- name: github.com/levigross/grequests
  version: 14e4175cc49ce3783f0848f90b0527ba09e1d209
- name: github.com/mattn/go-colorable
  version: 5411d3eea5978e6cdc258b30de592b60df6aba96
  repo: https://github.com/mattn/go-colorable
- name: github.com/mattn/go-isatty
  version: 57fdcb988a5c543893cc61bce354a6e24ab70022
- name: github.com/mattn/go-runewidth
  version: 737072b4e32b7a5018b4a7125da8d12de90e8045
- name: github.com/pkg/browser
  version: 9302be274faad99162b9d48ec97b24306872ebb0
- name: github.com/qiniu/api.v6
  version: 705d485512bab38d44f792b1d401b70b4e15a092
  subpackages:
  - conf
  - io
- name: github.com/qiniu/rpc
  version: 30c22466d920a7dc0e1f79d048f44af85ac04ee6
- name: github.com/tj/go-debug
  version: ff4a55a20a86994118644bbddc6a216da193cc13
- name: github.com/urfave/cli
  version: 0bdeddeeb0f650497d603c4ad7b20cfe685682f6
- name: golang.org/x/net
  version: 45e771701b814666a7eb299e6c7a57d0b1799e91
  subpackages:
  - publicsuffix
- name: golang.org/x/sys
  version: e24f485414aeafb646f6fca458b0bf869c0880a1
  repo: https://go.googlesource.com/sys
  subpackages:
  - unix
- name: gopkg.in/errgo.v1
  version: 66cb46252b94c1f3d65646f54ee8043ab38d766c
- name: gopkg.in/retry.v1
  version: c09f6b86ba4d5d2cf5bdf0665364aec9fd4815db
testImports: []
