hash: a6254395dcc8ecb222bba56602ad26f54cf2c6753d5ad1f09f0fde462136b63c
updated: 2016-07-25T17:39:23.607470335+08:00
imports:
- name: github.com/ahmetalpbalkan/go-linq
  version: 198ff8f0771e573772ea91680f1af6968652ae6c
- name: github.com/aisk/cookieparser
  version: 198ff8f0771e573772ea91680f1af6968652ae6c
- name: github.com/aisk/wizard
  version: 198ff8f0771e573772ea91680f1af6968652ae6c
- name: github.com/bgentry/speakeasy
  version: 198ff8f0771e573772ea91680f1af6968652ae6c
- name: github.com/bitly/go-simplejson
  version: 198ff8f0771e573772ea91680f1af6968652ae6c
- name: github.com/codegangsta/cli
  version: 198ff8f0771e573772ea91680f1af6968652ae6c
- name: github.com/coreos/go-semver
  version: 8ab6407b697782a06568d4b7f1db25550ec2e4c6
  subpackages:
  - semver
- name: github.com/fatih/color
  version: 198ff8f0771e573772ea91680f1af6968652ae6c
- name: github.com/fsnotify/fsnotify
  version: 198ff8f0771e573772ea91680f1af6968652ae6c
- name: github.com/google/go-querystring
  version: 198ff8f0771e573772ea91680f1af6968652ae6c
  subpackages:
  - query
- name: github.com/gorilla/context
  version: 198ff8f0771e573772ea91680f1af6968652ae6c
- name: github.com/gorilla/mux
  version: ""
- name: github.com/jhoonb/archivex
  version: 198ff8f0771e573772ea91680f1af6968652ae6c
- name: github.com/levigross/grequests
  version: 198ff8f0771e573772ea91680f1af6968652ae6c
- name: github.com/mattn/go-colorable
  version: 198ff8f0771e573772ea91680f1af6968652ae6c
- name: github.com/mattn/go-isatty
  version: 198ff8f0771e573772ea91680f1af6968652ae6c
- name: golang.org/x/net
  version: 198ff8f0771e573772ea91680f1af6968652ae6c
  subpackages:
  - publicsuffix
- name: golang.org/x/sys
  version: 198ff8f0771e573772ea91680f1af6968652ae6c
  subpackages:
  - unix
testImports: []
