hash: d418a09d967ed95415fb319af595017293a685a8f414398d0acd4323591a789f
updated: 2016-07-26T18:21:30.08418458+08:00
imports:
- name: github.com/ahmetalpbalkan/go-linq
  version: 5a4f195e871bd5c8365734bf756140a5bed80eff
- name: github.com/aisk/cookieparser
  version: 5a4f195e871bd5c8365734bf756140a5bed80eff
- name: github.com/aisk/wizard
  version: 5a4f195e871bd5c8365734bf756140a5bed80eff
- name: github.com/bgentry/speakeasy
  version: 5a4f195e871bd5c8365734bf756140a5bed80eff
- name: github.com/bitly/go-simplejson
  version: 5a4f195e871bd5c8365734bf756140a5bed80eff
- name: github.com/cheggaaa/pb
  version: ""
- name: github.com/codegangsta/cli
  version: 5a4f195e871bd5c8365734bf756140a5bed80eff
- name: github.com/coreos/go-semver
  version: ""
  subpackages:
  - semver
- name: github.com/fatih/color
  version: ""
- name: github.com/fsnotify/fsnotify
  version: 5a4f195e871bd5c8365734bf756140a5bed80eff
- name: github.com/google/go-querystring
  version: 5a4f195e871bd5c8365734bf756140a5bed80eff
  subpackages:
  - query
- name: github.com/gorilla/context
  version: 5a4f195e871bd5c8365734bf756140a5bed80eff
- name: github.com/gorilla/mux
  version: ""
- name: github.com/jhoonb/archivex
  version: 5a4f195e871bd5c8365734bf756140a5bed80eff
- name: github.com/levigross/grequests
  version: 5a4f195e871bd5c8365734bf756140a5bed80eff
- name: github.com/mattn/go-colorable
  version: 5a4f195e871bd5c8365734bf756140a5bed80eff
- name: github.com/mattn/go-isatty
  version: 5a4f195e871bd5c8365734bf756140a5bed80eff
- name: golang.org/x/net
  version: 5a4f195e871bd5c8365734bf756140a5bed80eff
  subpackages:
  - publicsuffix
- name: golang.org/x/sys
  version: 5a4f195e871bd5c8365734bf756140a5bed80eff
  subpackages:
  - unix
testImports: []
