hash: ffcc7888b28e711ffb7a4551e86a1bb0e1a490e56a8f0bec44721c7272b8c32f
updated: 2016-07-11T18:07:14.89299141+08:00
imports:
- name: github.com/ahmetalpbalkan/go-linq
  version: 0cb9dbba80d7b5a7366a7d9d2214961d1de6cc09
- name: github.com/aisk/cookieparser
  version: 9726074b6bda13c32d81e5d618ff0ed02734aa2e
- name: github.com/aisk/wizard
  version: c8fd83f2d712018e6e1a44ba6c97efea2bec8e96
- name: github.com/bgentry/speakeasy
  version: e1439544d8ecd0f3e9373a636d447668096a8f81
- name: github.com/bitly/go-simplejson
  version: aabad6e819789e569bd6aabf444c935aa9ba1e44
- name: github.com/codegangsta/cli
  version: 166bb4fa6231099fd582b9d0b33b647d8112a9f5
- name: github.com/fatih/color
  version: 87d4004f2ab62d0d255e0a38f1680aa534549fe3
- name: github.com/fsnotify/fsnotify
  version: a8a77c9133d2d6fd8334f3260d06f60e8d80a5fb
- name: github.com/google/go-querystring
  version: 9235644dd9e52eeae6fa48efd539fdc351a0af53
  subpackages:
  - query
- name: github.com/gorilla/context
  version: aed02d124ae4a0e94fea4541c8effd05bf0c8296
- name: github.com/gorilla/mux
  version: 0eeaf8392f5b04950925b8a69fe70f110fa7cbfc
- name: github.com/jhoonb/archivex
  version: b669bdadd30ace382d6e082dfcc8e33b926db1a1
- name: github.com/levigross/grequests
  version: 09a7f1722d5bb4477cf9b91d2ce50316f1550aca
- name: github.com/mattn/go-colorable
  version: 9056b7a9f2d1f2d96498d6d146acd1f9d5ed3d59
- name: github.com/mattn/go-isatty
  version: 56b76bdf51f7708750eac80fa38b952bb9f32639
- name: golang.org/x/net
  version: f841c39de738b1d0df95b5a7187744f0e03d8112
  subpackages:
  - publicsuffix
- name: golang.org/x/sys
  version: a408501be4d17ee978c04a618e7a1b22af058c0e
  subpackages:
  - unix
testImports: []
